{
  "name": "mlogx",
  "version": "1.0.0",
  "lockfileVersion": 2,
  "requires": true,
  "packages": {
    "": {
      "name": "mlogx",
      "version": "1.0.0",
      "license": "LGPL-3.0-or-later",
      "dependencies": {
        "@types/jasmine": "^4.0.3"
      },
      "bin": {
        "mlogx": "node compiler/index.js"
      },
      "devDependencies": {
        "@types/node": "^17.0.23",
        "typescript": "^4.7.2"
      }
    },
    "node_modules/@types/jasmine": {
      "version": "4.0.3",
      "resolved": "https://registry.npmjs.org/@types/jasmine/-/jasmine-4.0.3.tgz",
      "integrity": "sha512-Opp1LvvEuZdk8fSSvchK2mZwhVrsNT0JgJE9Di6MjnaIpmEXM8TLCPPrVtNTYh8+5MPdY8j9bAHMu2SSfwpZJg=="
    },
    "node_modules/@types/node": {
      "version": "17.0.23",
      "resolved": "https://registry.npmjs.org/@types/node/-/node-17.0.23.tgz",
      "integrity": "sha512-UxDxWn7dl97rKVeVS61vErvw086aCYhDLyvRQZ5Rk65rZKepaFdm53GeqXaKBuOhED4e9uWq34IC3TdSdJJ2Gw==",
      "dev": true
    },
    "node_modules/typescript": {
      "version": "4.7.2",
      "resolved": "https://registry.npmjs.org/typescript/-/typescript-4.7.2.tgz",
      "integrity": "sha512-Mamb1iX2FDUpcTRzltPxgWMKy3fhg0TN378ylbktPGPK/99KbDtMQ4W1hwgsbPAsG3a0xKa1vmw4VKZQbkvz5A==",
      "dev": true,
      "bin": {
        "tsc": "bin/tsc",
        "tsserver": "bin/tsserver"
      },
      "engines": {
        "node": ">=4.2.0"
      }
    }
  },
  "dependencies": {
    "@types/jasmine": {
      "version": "4.0.3",
      "resolved": "https://registry.npmjs.org/@types/jasmine/-/jasmine-4.0.3.tgz",
      "integrity": "sha512-Opp1LvvEuZdk8fSSvchK2mZwhVrsNT0JgJE9Di6MjnaIpmEXM8TLCPPrVtNTYh8+5MPdY8j9bAHMu2SSfwpZJg=="
    },
    "@types/node": {
      "version": "17.0.23",
      "resolved": "https://registry.npmjs.org/@types/node/-/node-17.0.23.tgz",
      "integrity": "sha512-UxDxWn7dl97rKVeVS61vErvw086aCYhDLyvRQZ5Rk65rZKepaFdm53GeqXaKBuOhED4e9uWq34IC3TdSdJJ2Gw==",
      "dev": true
    },
    "typescript": {
      "version": "4.7.2",
      "resolved": "https://registry.npmjs.org/typescript/-/typescript-4.7.2.tgz",
      "integrity": "sha512-Mamb1iX2FDUpcTRzltPxgWMKy3fhg0TN378ylbktPGPK/99KbDtMQ4W1hwgsbPAsG3a0xKa1vmw4VKZQbkvz5A==",
      "dev": true
    }
  }
}
